<?xml version="1.0" encoding="UTF-8" standalone="yes" ?>
<CodeBlocks_project_file>
	<FileVersion major="1" minor="6" />
	<Project>
		<Option title="graphics" />
		<Option makefile="true" />
		<Option makefile_is_custom="1" />
		<Option pch_mode="2" />
		<Option compiler="gcc" />
		<MakeCommands>
			<Build command="true" />
			<CompileFile command="true" />
			<Clean command="true" />
			<DistClean command="true" />
			<AskRebuildNeeded command="true" />
			<SilentBuild command="true" />
		</MakeCommands>
		<Build>
			<Target title="Debug">
				<Option output="drawing" prefix_auto="1" extension_auto="1" />
				<Option working_dir="./" />
				<Option object_output="./" />
				<Option type="1" />
				<Option compiler="gcc" />
				<Option parameters="" />
				<MakeCommands>
					<Build command="true" />
					<CompileFile command="true" />
					<Clean command="true" />
					<DistClean command="true" />
					<AskRebuildNeeded command="true" />
					<SilentBuild command="true" />
				</MakeCommands>
			</Target>
		</Build>
		<Extensions>
			<code_completion />
			<envvars />
			<debugger />
		</Extensions>
	</Project>
</CodeBlocks_project_file>
